<Solution>
  <Folder Name="/src/">
    <Project Path="src/EntKube.Web.Client/EntKube.Web.Client.csproj" />
    <Project Path="src/EntKube.Agents.Protocol/EntKube.Agents.Protocol.csproj" />
    <Project Path="src/EntKube.Agent/EntKube.Agent.csproj" />
    <Project Path="src/EntKube.Web/EntKube.Web.csproj" />
    <Project Path="src/EntKube.Mcp/EntKube.Mcp.csproj" />
  </Folder>
  <Folder Name="/tests/">
    <Project Path="tests/EntKube.Web.Tests/EntKube.Web.Tests.csproj" />
  </Folder>
</Solution>
